
Microsoft Visual Studio Solution File, Format Version 12.00
# Visual Studio Version 16
VisualStudioVersion = 16.0.31019.35
MinimumVisualStudioVersion = 10.0.40219.1
Project("{FAE04EC0-301F-11D3-BF4B-00C04F79EFBC}") = "IdeasWebApp", "IdeasWebApp.csproj", "{FA4F6046-C349-4E64-AB44-BAC7C8D61B55}"
EndProject
Global
	GlobalSection(SolutionConfigurationPlatforms) = preSolution
		Debug|Any CPU = Debug|Any CPU
		Release|Any CPU = Release|Any CPU
	EndGlobalSection
	GlobalSection(ProjectConfigurationPlatforms) = postSolution
		{FA4F6046-C349-4E64-AB44-BAC7C8D61B55}.Debug|Any CPU.ActiveCfg = Debug|Any CPU
		{FA4F6046-C349-4E64-AB44-BAC7C8D61B55}.Debug|Any CPU.Build.0 = Debug|Any CPU
		{FA4F6046-C349-4E64-AB44-BAC7C8D61B55}.Release|Any CPU.ActiveCfg = Release|Any CPU
		{FA4F6046-C349-4E64-AB44-BAC7C8D61B55}.Release|Any CPU.Build.0 = Release|Any CPU
	EndGlobalSection
	GlobalSection(SolutionProperties) = preSolution
		HideSolutionNode = FALSE
	EndGlobalSection
	GlobalSection(ExtensibilityGlobals) = postSolution
		SolutionGuid = {8C4E0D4F-88B7-4F07-AF43-EC1EFABCFFE3}
	EndGlobalSection
EndGlobal
